// !$*UTF8*$!
{
	archiveVersion = 1;
	classes = {
	};
	objectVersion = 46;
	objects = {

/* Begin PBXBuildFile section */
		241332131EB605F40019144F /* Podfile in Resources */ = {isa = PBXBuildFile; fileRef = 241332121EB605F40019144F /* Podfile */; };
		241332151EB61B000019144F /* DeliveryPendingViewController.swift in Sources */ = {isa = PBXBuildFile; fileRef = 241332141EB61B000019144F /* DeliveryPendingViewController.swift */; };
		241332171EB61B270019144F /* DeliveryInDeliveryViewController.swift in Sources */ = {isa = PBXBuildFile; fileRef = 241332161EB61B270019144F /* DeliveryInDeliveryViewController.swift */; };
		241332191EB61B370019144F /* DeliveryCompletedViewController.swift in Sources */ = {isa = PBXBuildFile; fileRef = 241332181EB61B370019144F /* DeliveryCompletedViewController.swift */; };
		241A3F481EC34F7300A1743F /* OrdersDetailViewController.swift in Sources */ = {isa = PBXBuildFile; fileRef = 241A3F471EC34F7300A1743F /* OrdersDetailViewController.swift */; };
		245B13231EB5F18F0094B393 /* TestSegmentViewController.swift in Sources */ = {isa = PBXBuildFile; fileRef = 245B13221EB5F18F0094B393 /* TestSegmentViewController.swift */; };
		2465DCC41EAF7AF30092B46B /* Employee.swift in Sources */ = {isa = PBXBuildFile; fileRef = 2465DCC31EAF7AF30092B46B /* Employee.swift */; };
		2465DCC61EAF7B680092B46B /* Order.swift in Sources */ = {isa = PBXBuildFile; fileRef = 2465DCC51EAF7B680092B46B /* Order.swift */; };
		2465DCC81EAF7E590092B46B /* Admin.swift in Sources */ = {isa = PBXBuildFile; fileRef = 2465DCC71EAF7E590092B46B /* Admin.swift */; };
		2465DCCA1EAF7F4C0092B46B /* WarehouseStaff.swift in Sources */ = {isa = PBXBuildFile; fileRef = 2465DCC91EAF7F4C0092B46B /* WarehouseStaff.swift */; };
		2465DCCC1EAF7FEC0092B46B /* Warehouse.swift in Sources */ = {isa = PBXBuildFile; fileRef = 2465DCCB1EAF7FEC0092B46B /* Warehouse.swift */; };
		2465DCD01EAF84AF0092B46B /* Location.swift in Sources */ = {isa = PBXBuildFile; fileRef = 2465DCCF1EAF84AF0092B46B /* Location.swift */; };
		2465DCD21EAF858E0092B46B /* Insurance.swift in Sources */ = {isa = PBXBuildFile; fileRef = 2465DCD11EAF858E0092B46B /* Insurance.swift */; };
		2465DCD41EAF85E60092B46B /* Status.swift in Sources */ = {isa = PBXBuildFile; fileRef = 2465DCD31EAF85E60092B46B /* Status.swift */; };
		2465DCD81EAF86570092B46B /* PurchaseOrder.swift in Sources */ = {isa = PBXBuildFile; fileRef = 2465DCD71EAF86570092B46B /* PurchaseOrder.swift */; };
		2465DCDA1EAF86B70092B46B /* Customer.swift in Sources */ = {isa = PBXBuildFile; fileRef = 2465DCD91EAF86B70092B46B /* Customer.swift */; };
		2465DCDC1EAF88ED0092B46B /* Driver.swift in Sources */ = {isa = PBXBuildFile; fileRef = 2465DCDB1EAF88ED0092B46B /* Driver.swift */; };
		2465DCDE1EAF892F0092B46B /* Vehicle.swift in Sources */ = {isa = PBXBuildFile; fileRef = 2465DCDD1EAF892F0092B46B /* Vehicle.swift */; };
		2465DCE01EAF896D0092B46B /* Product.swift in Sources */ = {isa = PBXBuildFile; fileRef = 2465DCDF1EAF896D0092B46B /* Product.swift */; };
		2465DCE21EAF8A7A0092B46B /* DCStaff.swift in Sources */ = {isa = PBXBuildFile; fileRef = 2465DCE11EAF8A7A0092B46B /* DCStaff.swift */; };
		2465DCE61EAF8CAD0092B46B /* DistributionCenter.swift in Sources */ = {isa = PBXBuildFile; fileRef = 2465DCE51EAF8CAD0092B46B /* DistributionCenter.swift */; };
		2481664A1EC7246800BF54E6 /* ItemTableViewCell.swift in Sources */ = {isa = PBXBuildFile; fileRef = 248166481EC7246800BF54E6 /* ItemTableViewCell.swift */; };
		2481664B1EC7246800BF54E6 /* ItemTableViewCell.xib in Resources */ = {isa = PBXBuildFile; fileRef = 248166491EC7246800BF54E6 /* ItemTableViewCell.xib */; };
		2481664F1EC74F2200BF54E6 /* MergedOrder.swift in Sources */ = {isa = PBXBuildFile; fileRef = 2481664E1EC74F2200BF54E6 /* MergedOrder.swift */; };
		248166511EC8B0AD00BF54E6 /* Result.swift in Sources */ = {isa = PBXBuildFile; fileRef = 248166501EC8B0AD00BF54E6 /* Result.swift */; };
		2492DA2B1EC20FB1009AB12E /* Network.swift in Sources */ = {isa = PBXBuildFile; fileRef = 2492DA2A1EC20FB1009AB12E /* Network.swift */; };
		24BB0B251E940B4A00B2C578 /* AppDelegate.swift in Sources */ = {isa = PBXBuildFile; fileRef = 24BB0B241E940B4A00B2C578 /* AppDelegate.swift */; };
		24BB0B271E940B4A00B2C578 /* OrdersViewController.swift in Sources */ = {isa = PBXBuildFile; fileRef = 24BB0B261E940B4A00B2C578 /* OrdersViewController.swift */; };
		24BB0B291E940B4A00B2C578 /* PickViewController.swift in Sources */ = {isa = PBXBuildFile; fileRef = 24BB0B281E940B4A00B2C578 /* PickViewController.swift */; };
		24BB0B2C1E940B4A00B2C578 /* Main.storyboard in Resources */ = {isa = PBXBuildFile; fileRef = 24BB0B2A1E940B4A00B2C578 /* Main.storyboard */; };
		24BB0B2E1E940B4A00B2C578 /* Assets.xcassets in Resources */ = {isa = PBXBuildFile; fileRef = 24BB0B2D1E940B4A00B2C578 /* Assets.xcassets */; };
		24BB0B311E940B4A00B2C578 /* LaunchScreen.storyboard in Resources */ = {isa = PBXBuildFile; fileRef = 24BB0B2F1E940B4A00B2C578 /* LaunchScreen.storyboard */; };
		24BB0B3C1E940B4A00B2C578 /* PODTests.swift in Sources */ = {isa = PBXBuildFile; fileRef = 24BB0B3B1E940B4A00B2C578 /* PODTests.swift */; };
		24BB0B471E940B4A00B2C578 /* PODUITests.swift in Sources */ = {isa = PBXBuildFile; fileRef = 24BB0B461E940B4A00B2C578 /* PODUITests.swift */; };
		24C04B971EA0E64500F23CC2 /* RoundedButton.swift in Sources */ = {isa = PBXBuildFile; fileRef = 24C04B961EA0E64500F23CC2 /* RoundedButton.swift */; };
		24C04B991EA0E89900F23CC2 /* RoundedView.swift in Sources */ = {isa = PBXBuildFile; fileRef = 24C04B981EA0E89900F23CC2 /* RoundedView.swift */; };
		24C0C2881EAF984A0031B006 /* OrderTableViewCell.swift in Sources */ = {isa = PBXBuildFile; fileRef = 24C0C2861EAF984A0031B006 /* OrderTableViewCell.swift */; };
		24C0C2891EAF984A0031B006 /* OrderTableViewCell.xib in Resources */ = {isa = PBXBuildFile; fileRef = 24C0C2871EAF984A0031B006 /* OrderTableViewCell.xib */; };
		24D2F5F11EB5E0130077F7FC /* PackViewController.swift in Sources */ = {isa = PBXBuildFile; fileRef = 24D2F5F01EB5E0130077F7FC /* PackViewController.swift */; };
		24D2F5F31EB5E1A70077F7FC /* DeliveryViewController.swift in Sources */ = {isa = PBXBuildFile; fileRef = 24D2F5F21EB5E1A70077F7FC /* DeliveryViewController.swift */; };
		24D5F40E1ECABE370033E08C /* AddCustomerBasicViewController.swift in Sources */ = {isa = PBXBuildFile; fileRef = 24D5F40D1ECABE370033E08C /* AddCustomerBasicViewController.swift */; };
		24D5F4101ECABE530033E08C /* AddCustomerAddressViewController.swift in Sources */ = {isa = PBXBuildFile; fileRef = 24D5F40F1ECABE530033E08C /* AddCustomerAddressViewController.swift */; };
		24D5F4121ECABE640033E08C /* AddProductViewController.swift in Sources */ = {isa = PBXBuildFile; fileRef = 24D5F4111ECABE640033E08C /* AddProductViewController.swift */; };
		24D5F4161ECABF380033E08C /* AddOrderViewController.swift in Sources */ = {isa = PBXBuildFile; fileRef = 24D5F4151ECABF380033E08C /* AddOrderViewController.swift */; };
		24D5F4181ECB5AC10033E08C /* SearchProductViewController.swift in Sources */ = {isa = PBXBuildFile; fileRef = 24D5F4171ECB5AC10033E08C /* SearchProductViewController.swift */; };
		24D5F41B1ECB655B0033E08C /* ResultsViewCell.swift in Sources */ = {isa = PBXBuildFile; fileRef = 24D5F4191ECB655B0033E08C /* ResultsViewCell.swift */; };
		24D5F41C1ECB655B0033E08C /* ResultsViewCell.xib in Resources */ = {isa = PBXBuildFile; fileRef = 24D5F41A1ECB655B0033E08C /* ResultsViewCell.xib */; };
		A632EFFC5BC310C767E93DF3 /* Pods_POD.framework in Frameworks */ = {isa = PBXBuildFile; fileRef = 743C1A51283082C54735CCE1 /* Pods_POD.framework */; };
/* End PBXBuildFile section */

/* Begin PBXContainerItemProxy section */
		24BB0B381E940B4A00B2C578 /* PBXContainerItemProxy */ = {
			isa = PBXContainerItemProxy;
			containerPortal = 24BB0B191E940B4A00B2C578 /* Project object */;
			proxyType = 1;
			remoteGlobalIDString = 24BB0B201E940B4A00B2C578;
			remoteInfo = POD;
		};
		24BB0B431E940B4A00B2C578 /* PBXContainerItemProxy */ = {
			isa = PBXContainerItemProxy;
			containerPortal = 24BB0B191E940B4A00B2C578 /* Project object */;
			proxyType = 1;
			remoteGlobalIDString = 24BB0B201E940B4A00B2C578;
			remoteInfo = POD;
		};
/* End PBXContainerItemProxy section */

/* Begin PBXFileReference section */
		19BBF539CC21802DFE932EC7 /* Pods-POD.debug.xcconfig */ = {isa = PBXFileReference; includeInIndex = 1; lastKnownFileType = text.xcconfig; name = "Pods-POD.debug.xcconfig"; path = "Pods/Target Support Files/Pods-POD/Pods-POD.debug.xcconfig"; sourceTree = "<group>"; };
		241332121EB605F40019144F /* Podfile */ = {isa = PBXFileReference; fileEncoding = 4; lastKnownFileType = text; path = Podfile; sourceTree = "<group>"; };
		241332141EB61B000019144F /* DeliveryPendingViewController.swift */ = {isa = PBXFileReference; fileEncoding = 4; lastKnownFileType = sourcecode.swift; path = DeliveryPendingViewController.swift; sourceTree = "<group>"; };
		241332161EB61B270019144F /* DeliveryInDeliveryViewController.swift */ = {isa = PBXFileReference; fileEncoding = 4; lastKnownFileType = sourcecode.swift; path = DeliveryInDeliveryViewController.swift; sourceTree = "<group>"; };
		241332181EB61B370019144F /* DeliveryCompletedViewController.swift */ = {isa = PBXFileReference; fileEncoding = 4; lastKnownFileType = sourcecode.swift; path = DeliveryCompletedViewController.swift; sourceTree = "<group>"; };
		241A3F471EC34F7300A1743F /* OrdersDetailViewController.swift */ = {isa = PBXFileReference; fileEncoding = 4; lastKnownFileType = sourcecode.swift; path = OrdersDetailViewController.swift; sourceTree = "<group>"; };
		245B13221EB5F18F0094B393 /* TestSegmentViewController.swift */ = {isa = PBXFileReference; fileEncoding = 4; lastKnownFileType = sourcecode.swift; path = TestSegmentViewController.swift; sourceTree = "<group>"; };
		2465DCC31EAF7AF30092B46B /* Employee.swift */ = {isa = PBXFileReference; fileEncoding = 4; lastKnownFileType = sourcecode.swift; name = Employee.swift; path = Model/Employee.swift; sourceTree = "<group>"; };
		2465DCC51EAF7B680092B46B /* Order.swift */ = {isa = PBXFileReference; fileEncoding = 4; lastKnownFileType = sourcecode.swift; name = Order.swift; path = Model/Order.swift; sourceTree = "<group>"; };
		2465DCC71EAF7E590092B46B /* Admin.swift */ = {isa = PBXFileReference; fileEncoding = 4; lastKnownFileType = sourcecode.swift; name = Admin.swift; path = Model/Admin.swift; sourceTree = "<group>"; };
		2465DCC91EAF7F4C0092B46B /* WarehouseStaff.swift */ = {isa = PBXFileReference; fileEncoding = 4; lastKnownFileType = sourcecode.swift; name = WarehouseStaff.swift; path = Model/WarehouseStaff.swift; sourceTree = "<group>"; };
		2465DCCB1EAF7FEC0092B46B /* Warehouse.swift */ = {isa = PBXFileReference; fileEncoding = 4; lastKnownFileType = sourcecode.swift; name = Warehouse.swift; path = Model/Warehouse.swift; sourceTree = "<group>"; };
		2465DCCF1EAF84AF0092B46B /* Location.swift */ = {isa = PBXFileReference; fileEncoding = 4; lastKnownFileType = sourcecode.swift; name = Location.swift; path = Model/Location.swift; sourceTree = "<group>"; };
		2465DCD11EAF858E0092B46B /* Insurance.swift */ = {isa = PBXFileReference; fileEncoding = 4; lastKnownFileType = sourcecode.swift; name = Insurance.swift; path = Model/Insurance.swift; sourceTree = "<group>"; };
		2465DCD31EAF85E60092B46B /* Status.swift */ = {isa = PBXFileReference; fileEncoding = 4; lastKnownFileType = sourcecode.swift; name = Status.swift; path = Model/Status.swift; sourceTree = "<group>"; };
		2465DCD71EAF86570092B46B /* PurchaseOrder.swift */ = {isa = PBXFileReference; fileEncoding = 4; lastKnownFileType = sourcecode.swift; name = PurchaseOrder.swift; path = Model/PurchaseOrder.swift; sourceTree = "<group>"; };
		2465DCD91EAF86B70092B46B /* Customer.swift */ = {isa = PBXFileReference; fileEncoding = 4; lastKnownFileType = sourcecode.swift; name = Customer.swift; path = Model/Customer.swift; sourceTree = "<group>"; };
		2465DCDB1EAF88ED0092B46B /* Driver.swift */ = {isa = PBXFileReference; fileEncoding = 4; lastKnownFileType = sourcecode.swift; name = Driver.swift; path = Model/Driver.swift; sourceTree = "<group>"; };
		2465DCDD1EAF892F0092B46B /* Vehicle.swift */ = {isa = PBXFileReference; fileEncoding = 4; lastKnownFileType = sourcecode.swift; name = Vehicle.swift; path = Model/Vehicle.swift; sourceTree = "<group>"; };
		2465DCDF1EAF896D0092B46B /* Product.swift */ = {isa = PBXFileReference; fileEncoding = 4; lastKnownFileType = sourcecode.swift; name = Product.swift; path = Model/Product.swift; sourceTree = "<group>"; };
		2465DCE11EAF8A7A0092B46B /* DCStaff.swift */ = {isa = PBXFileReference; fileEncoding = 4; lastKnownFileType = sourcecode.swift; name = DCStaff.swift; path = Model/DCStaff.swift; sourceTree = "<group>"; };
		2465DCE51EAF8CAD0092B46B /* DistributionCenter.swift */ = {isa = PBXFileReference; fileEncoding = 4; lastKnownFileType = sourcecode.swift; name = DistributionCenter.swift; path = Model/DistributionCenter.swift; sourceTree = "<group>"; };
		248166481EC7246800BF54E6 /* ItemTableViewCell.swift */ = {isa = PBXFileReference; fileEncoding = 4; lastKnownFileType = sourcecode.swift; name = ItemTableViewCell.swift; path = Model/TableViewCell/ItemTableViewCell.swift; sourceTree = "<group>"; };
		248166491EC7246800BF54E6 /* ItemTableViewCell.xib */ = {isa = PBXFileReference; fileEncoding = 4; lastKnownFileType = file.xib; name = ItemTableViewCell.xib; path = Model/TableViewCell/ItemTableViewCell.xib; sourceTree = "<group>"; };
		2481664E1EC74F2200BF54E6 /* MergedOrder.swift */ = {isa = PBXFileReference; fileEncoding = 4; lastKnownFileType = sourcecode.swift; name = MergedOrder.swift; path = Model/MergedOrder.swift; sourceTree = "<group>"; };
		248166501EC8B0AD00BF54E6 /* Result.swift */ = {isa = PBXFileReference; fileEncoding = 4; lastKnownFileType = sourcecode.swift; name = Result.swift; path = Model/Result.swift; sourceTree = "<group>"; };
		2492DA2A1EC20FB1009AB12E /* Network.swift */ = {isa = PBXFileReference; fileEncoding = 4; lastKnownFileType = sourcecode.swift; name = Network.swift; path = Model/Network.swift; sourceTree = "<group>"; };
		24BB0B211E940B4A00B2C578 /* POD.app */ = {isa = PBXFileReference; explicitFileType = wrapper.application; includeInIndex = 0; path = POD.app; sourceTree = BUILT_PRODUCTS_DIR; };
		24BB0B241E940B4A00B2C578 /* AppDelegate.swift */ = {isa = PBXFileReference; lastKnownFileType = sourcecode.swift; path = AppDelegate.swift; sourceTree = "<group>"; };
		24BB0B261E940B4A00B2C578 /* OrdersViewController.swift */ = {isa = PBXFileReference; lastKnownFileType = sourcecode.swift; path = OrdersViewController.swift; sourceTree = "<group>"; };
		24BB0B281E940B4A00B2C578 /* PickViewController.swift */ = {isa = PBXFileReference; lastKnownFileType = sourcecode.swift; path = PickViewController.swift; sourceTree = "<group>"; };
		24BB0B2B1E940B4A00B2C578 /* Base */ = {isa = PBXFileReference; lastKnownFileType = file.storyboard; name = Base; path = Base.lproj/Main.storyboard; sourceTree = "<group>"; };
		24BB0B2D1E940B4A00B2C578 /* Assets.xcassets */ = {isa = PBXFileReference; lastKnownFileType = folder.assetcatalog; path = Assets.xcassets; sourceTree = "<group>"; };
		24BB0B301E940B4A00B2C578 /* Base */ = {isa = PBXFileReference; lastKnownFileType = file.storyboard; name = Base; path = Base.lproj/LaunchScreen.storyboard; sourceTree = "<group>"; };
		24BB0B321E940B4A00B2C578 /* Info.plist */ = {isa = PBXFileReference; lastKnownFileType = text.plist.xml; path = Info.plist; sourceTree = "<group>"; };
		24BB0B371E940B4A00B2C578 /* PODTests.xctest */ = {isa = PBXFileReference; explicitFileType = wrapper.cfbundle; includeInIndex = 0; path = PODTests.xctest; sourceTree = BUILT_PRODUCTS_DIR; };
		24BB0B3B1E940B4A00B2C578 /* PODTests.swift */ = {isa = PBXFileReference; lastKnownFileType = sourcecode.swift; path = PODTests.swift; sourceTree = "<group>"; };
		24BB0B3D1E940B4A00B2C578 /* Info.plist */ = {isa = PBXFileReference; lastKnownFileType = text.plist.xml; path = Info.plist; sourceTree = "<group>"; };
		24BB0B421E940B4A00B2C578 /* PODUITests.xctest */ = {isa = PBXFileReference; explicitFileType = wrapper.cfbundle; includeInIndex = 0; path = PODUITests.xctest; sourceTree = BUILT_PRODUCTS_DIR; };
		24BB0B461E940B4A00B2C578 /* PODUITests.swift */ = {isa = PBXFileReference; lastKnownFileType = sourcecode.swift; path = PODUITests.swift; sourceTree = "<group>"; };
		24BB0B481E940B4A00B2C578 /* Info.plist */ = {isa = PBXFileReference; lastKnownFileType = text.plist.xml; path = Info.plist; sourceTree = "<group>"; };
		24C04B961EA0E64500F23CC2 /* RoundedButton.swift */ = {isa = PBXFileReference; fileEncoding = 4; lastKnownFileType = sourcecode.swift; path = RoundedButton.swift; sourceTree = "<group>"; };
		24C04B981EA0E89900F23CC2 /* RoundedView.swift */ = {isa = PBXFileReference; fileEncoding = 4; lastKnownFileType = sourcecode.swift; path = RoundedView.swift; sourceTree = "<group>"; };
		24C0C2861EAF984A0031B006 /* OrderTableViewCell.swift */ = {isa = PBXFileReference; fileEncoding = 4; lastKnownFileType = sourcecode.swift; name = OrderTableViewCell.swift; path = Model/TableViewCell/OrderTableViewCell.swift; sourceTree = "<group>"; };
		24C0C2871EAF984A0031B006 /* OrderTableViewCell.xib */ = {isa = PBXFileReference; fileEncoding = 4; lastKnownFileType = file.xib; name = OrderTableViewCell.xib; path = Model/TableViewCell/OrderTableViewCell.xib; sourceTree = "<group>"; };
		24D2F5F01EB5E0130077F7FC /* PackViewController.swift */ = {isa = PBXFileReference; fileEncoding = 4; lastKnownFileType = sourcecode.swift; path = PackViewController.swift; sourceTree = "<group>"; };
		24D2F5F21EB5E1A70077F7FC /* DeliveryViewController.swift */ = {isa = PBXFileReference; fileEncoding = 4; lastKnownFileType = sourcecode.swift; path = DeliveryViewController.swift; sourceTree = "<group>"; };
		24D5F40D1ECABE370033E08C /* AddCustomerBasicViewController.swift */ = {isa = PBXFileReference; fileEncoding = 4; lastKnownFileType = sourcecode.swift; path = AddCustomerBasicViewController.swift; sourceTree = "<group>"; };
		24D5F40F1ECABE530033E08C /* AddCustomerAddressViewController.swift */ = {isa = PBXFileReference; fileEncoding = 4; lastKnownFileType = sourcecode.swift; path = AddCustomerAddressViewController.swift; sourceTree = "<group>"; };
		24D5F4111ECABE640033E08C /* AddProductViewController.swift */ = {isa = PBXFileReference; fileEncoding = 4; lastKnownFileType = sourcecode.swift; path = AddProductViewController.swift; sourceTree = "<group>"; };
		24D5F4151ECABF380033E08C /* AddOrderViewController.swift */ = {isa = PBXFileReference; fileEncoding = 4; lastKnownFileType = sourcecode.swift; path = AddOrderViewController.swift; sourceTree = "<group>"; };
		24D5F4171ECB5AC10033E08C /* SearchProductViewController.swift */ = {isa = PBXFileReference; fileEncoding = 4; lastKnownFileType = sourcecode.swift; path = SearchProductViewController.swift; sourceTree = "<group>"; };
		24D5F4191ECB655B0033E08C /* ResultsViewCell.swift */ = {isa = PBXFileReference; fileEncoding = 4; lastKnownFileType = sourcecode.swift; name = ResultsViewCell.swift; path = Model/ResultsViewCell.swift; sourceTree = "<group>"; };
		24D5F41A1ECB655B0033E08C /* ResultsViewCell.xib */ = {isa = PBXFileReference; fileEncoding = 4; lastKnownFileType = file.xib; name = ResultsViewCell.xib; path = Model/ResultsViewCell.xib; sourceTree = "<group>"; };
		743C1A51283082C54735CCE1 /* Pods_POD.framework */ = {isa = PBXFileReference; explicitFileType = wrapper.framework; includeInIndex = 0; path = Pods_POD.framework; sourceTree = BUILT_PRODUCTS_DIR; };
		848867C380D372E7F82EA888 /* Pods-POD.release.xcconfig */ = {isa = PBXFileReference; includeInIndex = 1; lastKnownFileType = text.xcconfig; name = "Pods-POD.release.xcconfig"; path = "Pods/Target Support Files/Pods-POD/Pods-POD.release.xcconfig"; sourceTree = "<group>"; };
/* End PBXFileReference section */

/* Begin PBXFrameworksBuildPhase section */
		24BB0B1E1E940B4A00B2C578 /* Frameworks */ = {
			isa = PBXFrameworksBuildPhase;
			buildActionMask = 2147483647;
			files = (
				A632EFFC5BC310C767E93DF3 /* Pods_POD.framework in Frameworks */,
			);
			runOnlyForDeploymentPostprocessing = 0;
		};
		24BB0B341E940B4A00B2C578 /* Frameworks */ = {
			isa = PBXFrameworksBuildPhase;
			buildActionMask = 2147483647;
			files = (
			);
			runOnlyForDeploymentPostprocessing = 0;
		};
		24BB0B3F1E940B4A00B2C578 /* Frameworks */ = {
			isa = PBXFrameworksBuildPhase;
			buildActionMask = 2147483647;
			files = (
			);
			runOnlyForDeploymentPostprocessing = 0;
		};
/* End PBXFrameworksBuildPhase section */

/* Begin PBXGroup section */
		2465DCBE1EAF74280092B46B /* Model */ = {
			isa = PBXGroup;
			children = (
				24C0C2831EAF96C10031B006 /* Custom TableViewCell */,
				2465DCC71EAF7E590092B46B /* Admin.swift */,
				2465DCD91EAF86B70092B46B /* Customer.swift */,
				2465DCE11EAF8A7A0092B46B /* DCStaff.swift */,
				2465DCE51EAF8CAD0092B46B /* DistributionCenter.swift */,
				2465DCDB1EAF88ED0092B46B /* Driver.swift */,
				2465DCC31EAF7AF30092B46B /* Employee.swift */,
				2465DCD11EAF858E0092B46B /* Insurance.swift */,
				2465DCCF1EAF84AF0092B46B /* Location.swift */,
				2465DCC51EAF7B680092B46B /* Order.swift */,
				2465DCDF1EAF896D0092B46B /* Product.swift */,
				2465DCD71EAF86570092B46B /* PurchaseOrder.swift */,
				2465DCD31EAF85E60092B46B /* Status.swift */,
				2465DCDD1EAF892F0092B46B /* Vehicle.swift */,
				2465DCCB1EAF7FEC0092B46B /* Warehouse.swift */,
				2465DCC91EAF7F4C0092B46B /* WarehouseStaff.swift */,
				248166501EC8B0AD00BF54E6 /* Result.swift */,
				2492DA2A1EC20FB1009AB12E /* Network.swift */,
				2481664E1EC74F2200BF54E6 /* MergedOrder.swift */,
			);
			name = Model;
			sourceTree = "<group>";
		};
		24BB0B181E940B4A00B2C578 = {
			isa = PBXGroup;
			children = (
				24BB0B231E940B4A00B2C578 /* POD */,
				241332121EB605F40019144F /* Podfile */,
				24BB0B3A1E940B4A00B2C578 /* PODTests */,
				24BB0B451E940B4A00B2C578 /* PODUITests */,
				24BB0B221E940B4A00B2C578 /* Products */,
				5D464420AD9C711D4126B446 /* Pods */,
				F51C6FE5D8542262C562E29F /* Frameworks */,
			);
			sourceTree = "<group>";
		};
		24BB0B221E940B4A00B2C578 /* Products */ = {
			isa = PBXGroup;
			children = (
				24BB0B211E940B4A00B2C578 /* POD.app */,
				24BB0B371E940B4A00B2C578 /* PODTests.xctest */,
				24BB0B421E940B4A00B2C578 /* PODUITests.xctest */,
			);
			name = Products;
			sourceTree = "<group>";
		};
		24BB0B231E940B4A00B2C578 /* POD */ = {
			isa = PBXGroup;
			children = (
				2465DCBE1EAF74280092B46B /* Model */,
				24BB0B241E940B4A00B2C578 /* AppDelegate.swift */,
				24C04B961EA0E64500F23CC2 /* RoundedButton.swift */,
				24C04B981EA0E89900F23CC2 /* RoundedView.swift */,
				24BB0B2A1E940B4A00B2C578 /* Main.storyboard */,
				24D5F4171ECB5AC10033E08C /* SearchProductViewController.swift */,
				24D5F4151ECABF380033E08C /* AddOrderViewController.swift */,
				24D5F4111ECABE640033E08C /* AddProductViewController.swift */,
				24D5F40F1ECABE530033E08C /* AddCustomerAddressViewController.swift */,
				24D5F40D1ECABE370033E08C /* AddCustomerBasicViewController.swift */,
				241A3F471EC34F7300A1743F /* OrdersDetailViewController.swift */,
				24BB0B261E940B4A00B2C578 /* OrdersViewController.swift */,
				24BB0B281E940B4A00B2C578 /* PickViewController.swift */,
				24D2F5F01EB5E0130077F7FC /* PackViewController.swift */,
				24D2F5F21EB5E1A70077F7FC /* DeliveryViewController.swift */,
				241332181EB61B370019144F /* DeliveryCompletedViewController.swift */,
				241332161EB61B270019144F /* DeliveryInDeliveryViewController.swift */,
				241332141EB61B000019144F /* DeliveryPendingViewController.swift */,
				245B13221EB5F18F0094B393 /* TestSegmentViewController.swift */,
				24BB0B2D1E940B4A00B2C578 /* Assets.xcassets */,
				24BB0B2F1E940B4A00B2C578 /* LaunchScreen.storyboard */,
				24BB0B321E940B4A00B2C578 /* Info.plist */,
			);
			path = POD;
			sourceTree = "<group>";
		};
		24BB0B3A1E940B4A00B2C578 /* PODTests */ = {
			isa = PBXGroup;
			children = (
				24BB0B3B1E940B4A00B2C578 /* PODTests.swift */,
				24BB0B3D1E940B4A00B2C578 /* Info.plist */,
			);
			path = PODTests;
			sourceTree = "<group>";
		};
		24BB0B451E940B4A00B2C578 /* PODUITests */ = {
			isa = PBXGroup;
			children = (
				24BB0B461E940B4A00B2C578 /* PODUITests.swift */,
				24BB0B481E940B4A00B2C578 /* Info.plist */,
			);
			path = PODUITests;
			sourceTree = "<group>";
		};
		24C0C2831EAF96C10031B006 /* Custom TableViewCell */ = {
			isa = PBXGroup;
			children = (
				24C0C2861EAF984A0031B006 /* OrderTableViewCell.swift */,
				24C0C2871EAF984A0031B006 /* OrderTableViewCell.xib */,
				248166481EC7246800BF54E6 /* ItemTableViewCell.swift */,
				248166491EC7246800BF54E6 /* ItemTableViewCell.xib */,
				24D5F4191ECB655B0033E08C /* ResultsViewCell.swift */,
				24D5F41A1ECB655B0033E08C /* ResultsViewCell.xib */,
			);
			name = "Custom TableViewCell";
			sourceTree = "<group>";
		};
		5D464420AD9C711D4126B446 /* Pods */ = {
			isa = PBXGroup;
			children = (
				19BBF539CC21802DFE932EC7 /* Pods-POD.debug.xcconfig */,
				848867C380D372E7F82EA888 /* Pods-POD.release.xcconfig */,
			);
			name = Pods;
			sourceTree = "<group>";
		};
		F51C6FE5D8542262C562E29F /* Frameworks */ = {
			isa = PBXGroup;
			children = (
				743C1A51283082C54735CCE1 /* Pods_POD.framework */,
			);
			name = Frameworks;
			sourceTree = "<group>";
		};
/* End PBXGroup section */

/* Begin PBXNativeTarget section */
		24BB0B201E940B4A00B2C578 /* POD */ = {
			isa = PBXNativeTarget;
			buildConfigurationList = 24BB0B4B1E940B4A00B2C578 /* Build configuration list for PBXNativeTarget "POD" */;
			buildPhases = (
				7DDAAE9122C29EC51B7B8C8C /* [CP] Check Pods Manifest.lock */,
				24BB0B1D1E940B4A00B2C578 /* Sources */,
				24BB0B1E1E940B4A00B2C578 /* Frameworks */,
				24BB0B1F1E940B4A00B2C578 /* Resources */,
				3E3679DB5CAD4D20AB0E2FAA /* [CP] Embed Pods Frameworks */,
				64BA5AAC188582E505F534DC /* [CP] Copy Pods Resources */,
			);
			buildRules = (
			);
			dependencies = (
			);
			name = POD;
			productName = POD;
			productReference = 24BB0B211E940B4A00B2C578 /* POD.app */;
			productType = "com.apple.product-type.application";
		};
		24BB0B361E940B4A00B2C578 /* PODTests */ = {
			isa = PBXNativeTarget;
			buildConfigurationList = 24BB0B4E1E940B4A00B2C578 /* Build configuration list for PBXNativeTarget "PODTests" */;
			buildPhases = (
				24BB0B331E940B4A00B2C578 /* Sources */,
				24BB0B341E940B4A00B2C578 /* Frameworks */,
				24BB0B351E940B4A00B2C578 /* Resources */,
			);
			buildRules = (
			);
			dependencies = (
				24BB0B391E940B4A00B2C578 /* PBXTargetDependency */,
			);
			name = PODTests;
			productName = PODTests;
			productReference = 24BB0B371E940B4A00B2C578 /* PODTests.xctest */;
			productType = "com.apple.product-type.bundle.unit-test";
		};
		24BB0B411E940B4A00B2C578 /* PODUITests */ = {
			isa = PBXNativeTarget;
			buildConfigurationList = 24BB0B511E940B4A00B2C578 /* Build configuration list for PBXNativeTarget "PODUITests" */;
			buildPhases = (
				24BB0B3E1E940B4A00B2C578 /* Sources */,
				24BB0B3F1E940B4A00B2C578 /* Frameworks */,
				24BB0B401E940B4A00B2C578 /* Resources */,
			);
			buildRules = (
			);
			dependencies = (
				24BB0B441E940B4A00B2C578 /* PBXTargetDependency */,
			);
			name = PODUITests;
			productName = PODUITests;
			productReference = 24BB0B421E940B4A00B2C578 /* PODUITests.xctest */;
			productType = "com.apple.product-type.bundle.ui-testing";
		};
/* End PBXNativeTarget section */

/* Begin PBXProject section */
		24BB0B191E940B4A00B2C578 /* Project object */ = {
			isa = PBXProject;
			attributes = {
				LastSwiftUpdateCheck = 0830;
				LastUpgradeCheck = 0830;
				ORGANIZATIONNAME = aeyhwt;
				TargetAttributes = {
					24BB0B201E940B4A00B2C578 = {
						CreatedOnToolsVersion = 8.3;
						DevelopmentTeam = 7E5334RA89;
						ProvisioningStyle = Automatic;
					};
					24BB0B361E940B4A00B2C578 = {
						CreatedOnToolsVersion = 8.3;
						DevelopmentTeam = 7E5334RA89;
						ProvisioningStyle = Automatic;
						TestTargetID = 24BB0B201E940B4A00B2C578;
					};
					24BB0B411E940B4A00B2C578 = {
						CreatedOnToolsVersion = 8.3;
						DevelopmentTeam = 7E5334RA89;
						ProvisioningStyle = Automatic;
						TestTargetID = 24BB0B201E940B4A00B2C578;
					};
				};
			};
			buildConfigurationList = 24BB0B1C1E940B4A00B2C578 /* Build configuration list for PBXProject "POD" */;
			compatibilityVersion = "Xcode 3.2";
			developmentRegion = English;
			hasScannedForEncodings = 0;
			knownRegions = (
				en,
				Base,
			);
			mainGroup = 24BB0B181E940B4A00B2C578;
			productRefGroup = 24BB0B221E940B4A00B2C578 /* Products */;
			projectDirPath = "";
			projectRoot = "";
			targets = (
				24BB0B201E940B4A00B2C578 /* POD */,
				24BB0B361E940B4A00B2C578 /* PODTests */,
				24BB0B411E940B4A00B2C578 /* PODUITests */,
			);
		};
/* End PBXProject section */

/* Begin PBXResourcesBuildPhase section */
		24BB0B1F1E940B4A00B2C578 /* Resources */ = {
			isa = PBXResourcesBuildPhase;
			buildActionMask = 2147483647;
			files = (
				241332131EB605F40019144F /* Podfile in Resources */,
				24BB0B311E940B4A00B2C578 /* LaunchScreen.storyboard in Resources */,
				24BB0B2E1E940B4A00B2C578 /* Assets.xcassets in Resources */,
				24C0C2891EAF984A0031B006 /* OrderTableViewCell.xib in Resources */,
				24D5F41C1ECB655B0033E08C /* ResultsViewCell.xib in Resources */,
				2481664B1EC7246800BF54E6 /* ItemTableViewCell.xib in Resources */,
				24BB0B2C1E940B4A00B2C578 /* Main.storyboard in Resources */,
			);
			runOnlyForDeploymentPostprocessing = 0;
		};
		24BB0B351E940B4A00B2C578 /* Resources */ = {
			isa = PBXResourcesBuildPhase;
			buildActionMask = 2147483647;
			files = (
			);
			runOnlyForDeploymentPostprocessing = 0;
		};
		24BB0B401E940B4A00B2C578 /* Resources */ = {
			isa = PBXResourcesBuildPhase;
			buildActionMask = 2147483647;
			files = (
			);
			runOnlyForDeploymentPostprocessing = 0;
		};
/* End PBXResourcesBuildPhase section */

/* Begin PBXShellScriptBuildPhase section */
		3E3679DB5CAD4D20AB0E2FAA /* [CP] Embed Pods Frameworks */ = {
			isa = PBXShellScriptBuildPhase;
			buildActionMask = 2147483647;
			files = (
			);
			inputPaths = (
			);
			name = "[CP] Embed Pods Frameworks";
			outputPaths = (
			);
			runOnlyForDeploymentPostprocessing = 0;
			shellPath = /bin/sh;
			shellScript = "\"${SRCROOT}/Pods/Target Support Files/Pods-POD/Pods-POD-frameworks.sh\"\n";
			showEnvVarsInLog = 0;
		};
		64BA5AAC188582E505F534DC /* [CP] Copy Pods Resources */ = {
			isa = PBXShellScriptBuildPhase;
			buildActionMask = 2147483647;
			files = (
			);
			inputPaths = (
			);
			name = "[CP] Copy Pods Resources";
			outputPaths = (
			);
			runOnlyForDeploymentPostprocessing = 0;
			shellPath = /bin/sh;
			shellScript = "\"${SRCROOT}/Pods/Target Support Files/Pods-POD/Pods-POD-resources.sh\"\n";
			showEnvVarsInLog = 0;
		};
		7DDAAE9122C29EC51B7B8C8C /* [CP] Check Pods Manifest.lock */ = {
			isa = PBXShellScriptBuildPhase;
			buildActionMask = 2147483647;
			files = (
			);
			inputPaths = (
			);
			name = "[CP] Check Pods Manifest.lock";
			outputPaths = (
			);
			runOnlyForDeploymentPostprocessing = 0;
			shellPath = /bin/sh;
			shellScript = "diff \"${PODS_PODFILE_DIR_PATH}/Podfile.lock\" \"${PODS_ROOT}/Manifest.lock\" > /dev/null\nif [ $? != 0 ] ; then\n    # print error to STDERR\n    echo \"error: The sandbox is not in sync with the Podfile.lock. Run 'pod install' or update your CocoaPods installation.\" >&2\n    exit 1\nfi\n";
			showEnvVarsInLog = 0;
		};
/* End PBXShellScriptBuildPhase section */

/* Begin PBXSourcesBuildPhase section */
		24BB0B1D1E940B4A00B2C578 /* Sources */ = {
			isa = PBXSourcesBuildPhase;
			buildActionMask = 2147483647;
			files = (
				24C04B971EA0E64500F23CC2 /* RoundedButton.swift in Sources */,
				241A3F481EC34F7300A1743F /* OrdersDetailViewController.swift in Sources */,
				2465DCD01EAF84AF0092B46B /* Location.swift in Sources */,
				2465DCD21EAF858E0092B46B /* Insurance.swift in Sources */,
				24C0C2881EAF984A0031B006 /* OrderTableViewCell.swift in Sources */,
				2465DCDC1EAF88ED0092B46B /* Driver.swift in Sources */,
				248166511EC8B0AD00BF54E6 /* Result.swift in Sources */,
				2465DCE61EAF8CAD0092B46B /* DistributionCenter.swift in Sources */,
				24BB0B291E940B4A00B2C578 /* PickViewController.swift in Sources */,
				2465DCC41EAF7AF30092B46B /* Employee.swift in Sources */,
				2465DCCC1EAF7FEC0092B46B /* Warehouse.swift in Sources */,
				24D5F4161ECABF380033E08C /* AddOrderViewController.swift in Sources */,
				2465DCDE1EAF892F0092B46B /* Vehicle.swift in Sources */,
				241332191EB61B370019144F /* DeliveryCompletedViewController.swift in Sources */,
				24D5F4101ECABE530033E08C /* AddCustomerAddressViewController.swift in Sources */,
				2465DCDA1EAF86B70092B46B /* Customer.swift in Sources */,
				24BB0B251E940B4A00B2C578 /* AppDelegate.swift in Sources */,
				24C04B991EA0E89900F23CC2 /* RoundedView.swift in Sources */,
				24D2F5F11EB5E0130077F7FC /* PackViewController.swift in Sources */,
				2465DCE01EAF896D0092B46B /* Product.swift in Sources */,
				2465DCE21EAF8A7A0092B46B /* DCStaff.swift in Sources */,
				24BB0B271E940B4A00B2C578 /* OrdersViewController.swift in Sources */,
				2465DCD81EAF86570092B46B /* PurchaseOrder.swift in Sources */,
				24D5F4121ECABE640033E08C /* AddProductViewController.swift in Sources */,
				2465DCD41EAF85E60092B46B /* Status.swift in Sources */,
				2465DCCA1EAF7F4C0092B46B /* WarehouseStaff.swift in Sources */,
				24D5F4181ECB5AC10033E08C /* SearchProductViewController.swift in Sources */,
				2481664A1EC7246800BF54E6 /* ItemTableViewCell.swift in Sources */,
				245B13231EB5F18F0094B393 /* TestSegmentViewController.swift in Sources */,
				241332171EB61B270019144F /* DeliveryInDeliveryViewController.swift in Sources */,
				24D2F5F31EB5E1A70077F7FC /* DeliveryViewController.swift in Sources */,
				2465DCC61EAF7B680092B46B /* Order.swift in Sources */,
				24D5F40E1ECABE370033E08C /* AddCustomerBasicViewController.swift in Sources */,
				241332151EB61B000019144F /* DeliveryPendingViewController.swift in Sources */,
				2492DA2B1EC20FB1009AB12E /* Network.swift in Sources */,
				2481664F1EC74F2200BF54E6 /* MergedOrder.swift in Sources */,
				2465DCC81EAF7E590092B46B /* Admin.swift in Sources */,
				24D5F41B1ECB655B0033E08C /* ResultsViewCell.swift in Sources */,
			);
			runOnlyForDeploymentPostprocessing = 0;
		};
		24BB0B331E940B4A00B2C578 /* Sources */ = {
			isa = PBXSourcesBuildPhase;
			buildActionMask = 2147483647;
			files = (
				24BB0B3C1E940B4A00B2C578 /* PODTests.swift in Sources */,
			);
			runOnlyForDeploymentPostprocessing = 0;
		};
		24BB0B3E1E940B4A00B2C578 /* Sources */ = {
			isa = PBXSourcesBuildPhase;
			buildActionMask = 2147483647;
			files = (
				24BB0B471E940B4A00B2C578 /* PODUITests.swift in Sources */,
			);
			runOnlyForDeploymentPostprocessing = 0;
		};
/* End PBXSourcesBuildPhase section */

/* Begin PBXTargetDependency section */
		24BB0B391E940B4A00B2C578 /* PBXTargetDependency */ = {
			isa = PBXTargetDependency;
			target = 24BB0B201E940B4A00B2C578 /* POD */;
			targetProxy = 24BB0B381E940B4A00B2C578 /* PBXContainerItemProxy */;
		};
		24BB0B441E940B4A00B2C578 /* PBXTargetDependency */ = {
			isa = PBXTargetDependency;
			target = 24BB0B201E940B4A00B2C578 /* POD */;
			targetProxy = 24BB0B431E940B4A00B2C578 /* PBXContainerItemProxy */;
		};
/* End PBXTargetDependency section */

/* Begin PBXVariantGroup section */
		24BB0B2A1E940B4A00B2C578 /* Main.storyboard */ = {
			isa = PBXVariantGroup;
			children = (
				24BB0B2B1E940B4A00B2C578 /* Base */,
			);
			name = Main.storyboard;
			sourceTree = "<group>";
		};
		24BB0B2F1E940B4A00B2C578 /* LaunchScreen.storyboard */ = {
			isa = PBXVariantGroup;
			children = (
				24BB0B301E940B4A00B2C578 /* Base */,
			);
			name = LaunchScreen.storyboard;
			sourceTree = "<group>";
		};
/* End PBXVariantGroup section */

/* Begin XCBuildConfiguration section */
		24BB0B491E940B4A00B2C578 /* Debug */ = {
			isa = XCBuildConfiguration;
			buildSettings = {
				ALWAYS_SEARCH_USER_PATHS = NO;
				CLANG_ANALYZER_NONNULL = YES;
				CLANG_ANALYZER_NUMBER_OBJECT_CONVERSION = YES_AGGRESSIVE;
				CLANG_CXX_LANGUAGE_STANDARD = "gnu++0x";
				CLANG_CXX_LIBRARY = "libc++";
				CLANG_ENABLE_MODULES = YES;
				CLANG_ENABLE_OBJC_ARC = YES;
				CLANG_WARN_BOOL_CONVERSION = YES;
				CLANG_WARN_CONSTANT_CONVERSION = YES;
				CLANG_WARN_DIRECT_OBJC_ISA_USAGE = YES_ERROR;
				CLANG_WARN_DOCUMENTATION_COMMENTS = YES;
				CLANG_WARN_EMPTY_BODY = YES;
				CLANG_WARN_ENUM_CONVERSION = YES;
				CLANG_WARN_INFINITE_RECURSION = YES;
				CLANG_WARN_INT_CONVERSION = YES;
				CLANG_WARN_OBJC_ROOT_CLASS = YES_ERROR;
				CLANG_WARN_SUSPICIOUS_MOVE = YES;
				CLANG_WARN_UNREACHABLE_CODE = YES;
				CLANG_WARN__DUPLICATE_METHOD_MATCH = YES;
				"CODE_SIGN_IDENTITY[sdk=iphoneos*]" = "iPhone Developer";
				COPY_PHASE_STRIP = NO;
				DEBUG_INFORMATION_FORMAT = dwarf;
				ENABLE_STRICT_OBJC_MSGSEND = YES;
				ENABLE_TESTABILITY = YES;
				GCC_C_LANGUAGE_STANDARD = gnu99;
				GCC_DYNAMIC_NO_PIC = NO;
				GCC_NO_COMMON_BLOCKS = YES;
				GCC_OPTIMIZATION_LEVEL = 0;
				GCC_PREPROCESSOR_DEFINITIONS = (
					"DEBUG=1",
					"$(inherited)",
				);
				GCC_WARN_64_TO_32_BIT_CONVERSION = YES;
				GCC_WARN_ABOUT_RETURN_TYPE = YES_ERROR;
				GCC_WARN_UNDECLARED_SELECTOR = YES;
				GCC_WARN_UNINITIALIZED_AUTOS = YES_AGGRESSIVE;
				GCC_WARN_UNUSED_FUNCTION = YES;
				GCC_WARN_UNUSED_VARIABLE = YES;
				IPHONEOS_DEPLOYMENT_TARGET = 10.3;
				MTL_ENABLE_DEBUG_INFO = YES;
				ONLY_ACTIVE_ARCH = YES;
				SDKROOT = iphoneos;
				SWIFT_ACTIVE_COMPILATION_CONDITIONS = DEBUG;
				SWIFT_OPTIMIZATION_LEVEL = "-Onone";
				TARGETED_DEVICE_FAMILY = "1,2";
			};
			name = Debug;
		};
		24BB0B4A1E940B4A00B2C578 /* Release */ = {
			isa = XCBuildConfiguration;
			buildSettings = {
				ALWAYS_SEARCH_USER_PATHS = NO;
				CLANG_ANALYZER_NONNULL = YES;
				CLANG_ANALYZER_NUMBER_OBJECT_CONVERSION = YES_AGGRESSIVE;
				CLANG_CXX_LANGUAGE_STANDARD = "gnu++0x";
				CLANG_CXX_LIBRARY = "libc++";
				CLANG_ENABLE_MODULES = YES;
				CLANG_ENABLE_OBJC_ARC = YES;
				CLANG_WARN_BOOL_CONVERSION = YES;
				CLANG_WARN_CONSTANT_CONVERSION = YES;
				CLANG_WARN_DIRECT_OBJC_ISA_USAGE = YES_ERROR;
				CLANG_WARN_DOCUMENTATION_COMMENTS = YES;
				CLANG_WARN_EMPTY_BODY = YES;
				CLANG_WARN_ENUM_CONVERSION = YES;
				CLANG_WARN_INFINITE_RECURSION = YES;
				CLANG_WARN_INT_CONVERSION = YES;
				CLANG_WARN_OBJC_ROOT_CLASS = YES_ERROR;
				CLANG_WARN_SUSPICIOUS_MOVE = YES;
				CLANG_WARN_UNREACHABLE_CODE = YES;
				CLANG_WARN__DUPLICATE_METHOD_MATCH = YES;
				"CODE_SIGN_IDENTITY[sdk=iphoneos*]" = "iPhone Developer";
				COPY_PHASE_STRIP = NO;
				DEBUG_INFORMATION_FORMAT = "dwarf-with-dsym";
				ENABLE_NS_ASSERTIONS = NO;
				ENABLE_STRICT_OBJC_MSGSEND = YES;
				GCC_C_LANGUAGE_STANDARD = gnu99;
				GCC_NO_COMMON_BLOCKS = YES;
				GCC_WARN_64_TO_32_BIT_CONVERSION = YES;
				GCC_WARN_ABOUT_RETURN_TYPE = YES_ERROR;
				GCC_WARN_UNDECLARED_SELECTOR = YES;
				GCC_WARN_UNINITIALIZED_AUTOS = YES_AGGRESSIVE;
				GCC_WARN_UNUSED_FUNCTION = YES;
				GCC_WARN_UNUSED_VARIABLE = YES;
				IPHONEOS_DEPLOYMENT_TARGET = 10.3;
				MTL_ENABLE_DEBUG_INFO = NO;
				SDKROOT = iphoneos;
				SWIFT_OPTIMIZATION_LEVEL = "-Owholemodule";
				TARGETED_DEVICE_FAMILY = "1,2";
				VALIDATE_PRODUCT = YES;
			};
			name = Release;
		};
		24BB0B4C1E940B4A00B2C578 /* Debug */ = {
			isa = XCBuildConfiguration;
			baseConfigurationReference = 19BBF539CC21802DFE932EC7 /* Pods-POD.debug.xcconfig */;
			buildSettings = {
				ASSETCATALOG_COMPILER_APPICON_NAME = AppIcon;
				"CODE_SIGN_IDENTITY[sdk=iphoneos*]" = "iPhone Developer";
				DEVELOPMENT_TEAM = 7E5334RA89;
				INFOPLIST_FILE = POD/Info.plist;
				LD_RUNPATH_SEARCH_PATHS = "$(inherited) @executable_path/Frameworks";
				PRODUCT_BUNDLE_IDENTIFIER = com.aeyhwt.POD;
				PRODUCT_NAME = "$(TARGET_NAME)";
				PROVISIONING_PROFILE_SPECIFIER = "";
				SWIFT_VERSION = 3.0;
			};
			name = Debug;
		};
		24BB0B4D1E940B4A00B2C578 /* Release */ = {
			isa = XCBuildConfiguration;
			baseConfigurationReference = 848867C380D372E7F82EA888 /* Pods-POD.release.xcconfig */;
			buildSettings = {
				ASSETCATALOG_COMPILER_APPICON_NAME = AppIcon;
				"CODE_SIGN_IDENTITY[sdk=iphoneos*]" = "iPhone Developer";
				DEVELOPMENT_TEAM = 7E5334RA89;
				INFOPLIST_FILE = POD/Info.plist;
				LD_RUNPATH_SEARCH_PATHS = "$(inherited) @executable_path/Frameworks";
				PRODUCT_BUNDLE_IDENTIFIER = com.aeyhwt.POD;
				PRODUCT_NAME = "$(TARGET_NAME)";
				PROVISIONING_PROFILE_SPECIFIER = "";
				SWIFT_VERSION = 3.0;
			};
			name = Release;
		};
		24BB0B4F1E940B4A00B2C578 /* Debug */ = {
			isa = XCBuildConfiguration;
			buildSettings = {
				ALWAYS_EMBED_SWIFT_STANDARD_LIBRARIES = YES;
				BUNDLE_LOADER = "$(TEST_HOST)";
				DEVELOPMENT_TEAM = 7E5334RA89;
				INFOPLIST_FILE = PODTests/Info.plist;
				LD_RUNPATH_SEARCH_PATHS = "$(inherited) @executable_path/Frameworks @loader_path/Frameworks";
				PRODUCT_BUNDLE_IDENTIFIER = com.aeyhwt.PODTests;
				PRODUCT_NAME = "$(TARGET_NAME)";
				SWIFT_VERSION = 3.0;
				TEST_HOST = "$(BUILT_PRODUCTS_DIR)/POD.app/POD";
			};
			name = Debug;
		};
		24BB0B501E940B4A00B2C578 /* Release */ = {
			isa = XCBuildConfiguration;
			buildSettings = {
				ALWAYS_EMBED_SWIFT_STANDARD_LIBRARIES = YES;
				BUNDLE_LOADER = "$(TEST_HOST)";
				DEVELOPMENT_TEAM = 7E5334RA89;
				INFOPLIST_FILE = PODTests/Info.plist;
				LD_RUNPATH_SEARCH_PATHS = "$(inherited) @executable_path/Frameworks @loader_path/Frameworks";
				PRODUCT_BUNDLE_IDENTIFIER = com.aeyhwt.PODTests;
				PRODUCT_NAME = "$(TARGET_NAME)";
				SWIFT_VERSION = 3.0;
				TEST_HOST = "$(BUILT_PRODUCTS_DIR)/POD.app/POD";
			};
			name = Release;
		};
		24BB0B521E940B4A00B2C578 /* Debug */ = {
			isa = XCBuildConfiguration;
			buildSettings = {
				ALWAYS_EMBED_SWIFT_STANDARD_LIBRARIES = YES;
				DEVELOPMENT_TEAM = 7E5334RA89;
				INFOPLIST_FILE = PODUITests/Info.plist;
				LD_RUNPATH_SEARCH_PATHS = "$(inherited) @executable_path/Frameworks @loader_path/Frameworks";
				PRODUCT_BUNDLE_IDENTIFIER = com.aeyhwt.PODUITests;
				PRODUCT_NAME = "$(TARGET_NAME)";
				SWIFT_VERSION = 3.0;
				TEST_TARGET_NAME = POD;
			};
			name = Debug;
		};
		24BB0B531E940B4A00B2C578 /* Release */ = {
			isa = XCBuildConfiguration;
			buildSettings = {
				ALWAYS_EMBED_SWIFT_STANDARD_LIBRARIES = YES;
				DEVELOPMENT_TEAM = 7E5334RA89;
				INFOPLIST_FILE = PODUITests/Info.plist;
				LD_RUNPATH_SEARCH_PATHS = "$(inherited) @executable_path/Frameworks @loader_path/Frameworks";
				PRODUCT_BUNDLE_IDENTIFIER = com.aeyhwt.PODUITests;
				PRODUCT_NAME = "$(TARGET_NAME)";
				SWIFT_VERSION = 3.0;
				TEST_TARGET_NAME = POD;
			};
			name = Release;
		};
/* End XCBuildConfiguration section */

/* Begin XCConfigurationList section */
		24BB0B1C1E940B4A00B2C578 /* Build configuration list for PBXProject "POD" */ = {
			isa = XCConfigurationList;
			buildConfigurations = (
				24BB0B491E940B4A00B2C578 /* Debug */,
				24BB0B4A1E940B4A00B2C578 /* Release */,
			);
			defaultConfigurationIsVisible = 0;
			defaultConfigurationName = Release;
		};
		24BB0B4B1E940B4A00B2C578 /* Build configuration list for PBXNativeTarget "POD" */ = {
			isa = XCConfigurationList;
			buildConfigurations = (
				24BB0B4C1E940B4A00B2C578 /* Debug */,
				24BB0B4D1E940B4A00B2C578 /* Release */,
			);
			defaultConfigurationIsVisible = 0;
			defaultConfigurationName = Release;
		};
		24BB0B4E1E940B4A00B2C578 /* Build configuration list for PBXNativeTarget "PODTests" */ = {
			isa = XCConfigurationList;
			buildConfigurations = (
				24BB0B4F1E940B4A00B2C578 /* Debug */,
				24BB0B501E940B4A00B2C578 /* Release */,
			);
			defaultConfigurationIsVisible = 0;
			defaultConfigurationName = Release;
		};
		24BB0B511E940B4A00B2C578 /* Build configuration list for PBXNativeTarget "PODUITests" */ = {
			isa = XCConfigurationList;
			buildConfigurations = (
				24BB0B521E940B4A00B2C578 /* Debug */,
				24BB0B531E940B4A00B2C578 /* Release */,
			);
			defaultConfigurationIsVisible = 0;
			defaultConfigurationName = Release;
		};
/* End XCConfigurationList section */
	};
	rootObject = 24BB0B191E940B4A00B2C578 /* Project object */;
}
